// !$*UTF8*$!
{
	archiveVersion = 1;
	classes = {
	};
	objectVersion = 46;
	objects = {

/* Begin PBXBuildFile section */
		5F96EE3316C02E5D00EE0120 /* UIKit.framework in Frameworks */ = {isa = PBXBuildFile; fileRef = 5F96EE3216C02E5D00EE0120 /* UIKit.framework */; };
		5F96EE3516C02E5D00EE0120 /* Foundation.framework in Frameworks */ = {isa = PBXBuildFile; fileRef = 5F96EE3416C02E5D00EE0120 /* Foundation.framework */; };
		5F96EE3716C02E5D00EE0120 /* CoreGraphics.framework in Frameworks */ = {isa = PBXBuildFile; fileRef = 5F96EE3616C02E5D00EE0120 /* CoreGraphics.framework */; };
		5F96EE3D16C02E5D00EE0120 /* InfoPlist.strings in Resources */ = {isa = PBXBuildFile; fileRef = 5F96EE3B16C02E5D00EE0120 /* InfoPlist.strings */; };
		5F96EE3F16C02E5D00EE0120 /* main.m in Sources */ = {isa = PBXBuildFile; fileRef = 5F96EE3E16C02E5D00EE0120 /* main.m */; };
		5F96EE4316C02E5D00EE0120 /* TestAppDelegate.m in Sources */ = {isa = PBXBuildFile; fileRef = 5F96EE4216C02E5D00EE0120 /* TestAppDelegate.m */; };
		5F96EE4616C02E5D00EE0120 /* TestViewController.m in Sources */ = {isa = PBXBuildFile; fileRef = 5F96EE4516C02E5D00EE0120 /* TestViewController.m */; };
		5F96EE4916C02E5D00EE0120 /* TestViewController.xib in Resources */ = {isa = PBXBuildFile; fileRef = 5F96EE4716C02E5D00EE0120 /* TestViewController.xib */; };
		5F96EE5016C03FDC00EE0120 /* 2012-11-30 18.31.11.png in Resources */ = {isa = PBXBuildFile; fileRef = 5F96EE4F16C03FDC00EE0120 /* 2012-11-30 18.31.11.png */; };
/* End PBXBuildFile section */

/* Begin PBXFileReference section */
		5F96EE2E16C02E5D00EE0120 /* lecture3.app */ = {isa = PBXFileReference; explicitFileType = wrapper.application; includeInIndex = 0; path = lecture3.app; sourceTree = BUILT_PRODUCTS_DIR; };
		5F96EE3216C02E5D00EE0120 /* UIKit.framework */ = {isa = PBXFileReference; lastKnownFileType = wrapper.framework; name = UIKit.framework; path = System/Library/Frameworks/UIKit.framework; sourceTree = SDKROOT; };
		5F96EE3416C02E5D00EE0120 /* Foundation.framework */ = {isa = PBXFileReference; lastKnownFileType = wrapper.framework; name = Foundation.framework; path = System/Library/Frameworks/Foundation.framework; sourceTree = SDKROOT; };
		5F96EE3616C02E5D00EE0120 /* CoreGraphics.framework */ = {isa = PBXFileReference; lastKnownFileType = wrapper.framework; name = CoreGraphics.framework; path = System/Library/Frameworks/CoreGraphics.framework; sourceTree = SDKROOT; };
		5F96EE3A16C02E5D00EE0120 /* lecture3-Info.plist */ = {isa = PBXFileReference; lastKnownFileType = text.plist.xml; path = "lecture3-Info.plist"; sourceTree = "<group>"; };
		5F96EE3C16C02E5D00EE0120 /* en */ = {isa = PBXFileReference; lastKnownFileType = text.plist.strings; name = en; path = en.lproj/InfoPlist.strings; sourceTree = "<group>"; };
		5F96EE3E16C02E5D00EE0120 /* main.m */ = {isa = PBXFileReference; lastKnownFileType = sourcecode.c.objc; path = main.m; sourceTree = "<group>"; };
		5F96EE4016C02E5D00EE0120 /* lecture3-Prefix.pch */ = {isa = PBXFileReference; lastKnownFileType = sourcecode.c.h; path = "lecture3-Prefix.pch"; sourceTree = "<group>"; };
		5F96EE4116C02E5D00EE0120 /* TestAppDelegate.h */ = {isa = PBXFileReference; lastKnownFileType = sourcecode.c.h; path = TestAppDelegate.h; sourceTree = "<group>"; };
		5F96EE4216C02E5D00EE0120 /* TestAppDelegate.m */ = {isa = PBXFileReference; lastKnownFileType = sourcecode.c.objc; path = TestAppDelegate.m; sourceTree = "<group>"; };
		5F96EE4416C02E5D00EE0120 /* TestViewController.h */ = {isa = PBXFileReference; lastKnownFileType = sourcecode.c.h; path = TestViewController.h; sourceTree = "<group>"; };
		5F96EE4516C02E5D00EE0120 /* TestViewController.m */ = {isa = PBXFileReference; lastKnownFileType = sourcecode.c.objc; path = TestViewController.m; sourceTree = "<group>"; };
		5F96EE4816C02E5D00EE0120 /* en */ = {isa = PBXFileReference; lastKnownFileType = file.xib; name = en; path = en.lproj/TestViewController.xib; sourceTree = "<group>"; };
		5F96EE4F16C03FDC00EE0120 /* 2012-11-30 18.31.11.png */ = {isa = PBXFileReference; lastKnownFileType = image.png; name = "2012-11-30 18.31.11.png"; path = "../../../Pictures/Dima/2012-11-30 18.31.11.png"; sourceTree = "<group>"; };
/* End PBXFileReference section */

/* Begin PBXFrameworksBuildPhase section */
		5F96EE2B16C02E5D00EE0120 /* Frameworks */ = {
			isa = PBXFrameworksBuildPhase;
			buildActionMask = 2147483647;
			files = (
				5F96EE3316C02E5D00EE0120 /* UIKit.framework in Frameworks */,
				5F96EE3516C02E5D00EE0120 /* Foundation.framework in Frameworks */,
				5F96EE3716C02E5D00EE0120 /* CoreGraphics.framework in Frameworks */,
			);
			runOnlyForDeploymentPostprocessing = 0;
		};
/* End PBXFrameworksBuildPhase section */

/* Begin PBXGroup section */
		5F96EE2316C02E5D00EE0120 = {
			isa = PBXGroup;
			children = (
				5F96EE3816C02E5D00EE0120 /* lecture3 */,
				5F96EE3116C02E5D00EE0120 /* Frameworks */,
				5F96EE2F16C02E5D00EE0120 /* Products */,
			);
			sourceTree = "<group>";
		};
		5F96EE2F16C02E5D00EE0120 /* Products */ = {
			isa = PBXGroup;
			children = (
				5F96EE2E16C02E5D00EE0120 /* lecture3.app */,
			);
			name = Products;
			sourceTree = "<group>";
		};
		5F96EE3116C02E5D00EE0120 /* Frameworks */ = {
			isa = PBXGroup;
			children = (
				5F96EE3216C02E5D00EE0120 /* UIKit.framework */,
				5F96EE3416C02E5D00EE0120 /* Foundation.framework */,
				5F96EE3616C02E5D00EE0120 /* CoreGraphics.framework */,
			);
			name = Frameworks;
			sourceTree = "<group>";
		};
		5F96EE3816C02E5D00EE0120 /* lecture3 */ = {
			isa = PBXGroup;
			children = (
				5F96EE4116C02E5D00EE0120 /* TestAppDelegate.h */,
				5F96EE4216C02E5D00EE0120 /* TestAppDelegate.m */,
				5F96EE4416C02E5D00EE0120 /* TestViewController.h */,
				5F96EE4516C02E5D00EE0120 /* TestViewController.m */,
				5F96EE4716C02E5D00EE0120 /* TestViewController.xib */,
				5F96EE3916C02E5D00EE0120 /* Supporting Files */,
			);
			path = lecture3;
			sourceTree = "<group>";
		};
		5F96EE3916C02E5D00EE0120 /* Supporting Files */ = {
			isa = PBXGroup;
			children = (
				5F96EE4F16C03FDC00EE0120 /* 2012-11-30 18.31.11.png */,
				5F96EE3A16C02E5D00EE0120 /* lecture3-Info.plist */,
				5F96EE3B16C02E5D00EE0120 /* InfoPlist.strings */,
				5F96EE3E16C02E5D00EE0120 /* main.m */,
				5F96EE4016C02E5D00EE0120 /* lecture3-Prefix.pch */,
			);
			name = "Supporting Files";
			sourceTree = "<group>";
		};
/* End PBXGroup section */

/* Begin PBXNativeTarget section */
		5F96EE2D16C02E5D00EE0120 /* lecture3 */ = {
			isa = PBXNativeTarget;
			buildConfigurationList = 5F96EE4C16C02E5D00EE0120 /* Build configuration list for PBXNativeTarget "lecture3" */;
			buildPhases = (
				5F96EE2A16C02E5D00EE0120 /* Sources */,
				5F96EE2B16C02E5D00EE0120 /* Frameworks */,
				5F96EE2C16C02E5D00EE0120 /* Resources */,
			);
			buildRules = (
			);
			dependencies = (
			);
			name = lecture3;
			productName = lecture3;
			productReference = 5F96EE2E16C02E5D00EE0120 /* lecture3.app */;
			productType = "com.apple.product-type.application";
		};
/* End PBXNativeTarget section */

/* Begin PBXProject section */
		5F96EE2516C02E5D00EE0120 /* Project object */ = {
			isa = PBXProject;
			attributes = {
				CLASSPREFIX = Test;
				LastUpgradeCheck = 0450;
				ORGANIZATIONNAME = "Yevgen Potapov";
			};
			buildConfigurationList = 5F96EE2816C02E5D00EE0120 /* Build configuration list for PBXProject "lecture3" */;
			compatibilityVersion = "Xcode 3.2";
			developmentRegion = English;
			hasScannedForEncodings = 0;
			knownRegions = (
				en,
			);
			mainGroup = 5F96EE2316C02E5D00EE0120;
			productRefGroup = 5F96EE2F16C02E5D00EE0120 /* Products */;
			projectDirPath = "";
			projectRoot = "";
			targets = (
				5F96EE2D16C02E5D00EE0120 /* lecture3 */,
			);
		};
/* End PBXProject section */

/* Begin PBXResourcesBuildPhase section */
		5F96EE2C16C02E5D00EE0120 /* Resources */ = {
			isa = PBXResourcesBuildPhase;
			buildActionMask = 2147483647;
			files = (
				5F96EE3D16C02E5D00EE0120 /* InfoPlist.strings in Resources */,
				5F96EE4916C02E5D00EE0120 /* TestViewController.xib in Resources */,
				5F96EE5016C03FDC00EE0120 /* 2012-11-30 18.31.11.png in Resources */,
			);
			runOnlyForDeploymentPostprocessing = 0;
		};
/* End PBXResourcesBuildPhase section */

/* Begin PBXSourcesBuildPhase section */
		5F96EE2A16C02E5D00EE0120 /* Sources */ = {
			isa = PBXSourcesBuildPhase;
			buildActionMask = 2147483647;
			files = (
				5F96EE3F16C02E5D00EE0120 /* main.m in Sources */,
				5F96EE4316C02E5D00EE0120 /* TestAppDelegate.m in Sources */,
				5F96EE4616C02E5D00EE0120 /* TestViewController.m in Sources */,
			);
			runOnlyForDeploymentPostprocessing = 0;
		};
/* End PBXSourcesBuildPhase section */

/* Begin PBXVariantGroup section */
		5F96EE3B16C02E5D00EE0120 /* InfoPlist.strings */ = {
			isa = PBXVariantGroup;
			children = (
				5F96EE3C16C02E5D00EE0120 /* en */,
			);
			name = InfoPlist.strings;
			sourceTree = "<group>";
		};
		5F96EE4716C02E5D00EE0120 /* TestViewController.xib */ = {
			isa = PBXVariantGroup;
			children = (
				5F96EE4816C02E5D00EE0120 /* en */,
			);
			name = TestViewController.xib;
			sourceTree = "<group>";
		};
/* End PBXVariantGroup section */

/* Begin XCBuildConfiguration section */
		5F96EE4A16C02E5D00EE0120 /* Debug */ = {
			isa = XCBuildConfiguration;
			buildSettings = {
				ALWAYS_SEARCH_USER_PATHS = NO;
				CLANG_CXX_LANGUAGE_STANDARD = "gnu++0x";
				CLANG_ENABLE_OBJC_ARC = YES;
				CLANG_WARN__DUPLICATE_METHOD_MATCH = YES;
				"CODE_SIGN_IDENTITY[sdk=iphoneos*]" = "iPhone Developer";
				COPY_PHASE_STRIP = NO;
				GCC_C_LANGUAGE_STANDARD = gnu99;
				GCC_DYNAMIC_NO_PIC = NO;
				GCC_OPTIMIZATION_LEVEL = 0;
				GCC_PREPROCESSOR_DEFINITIONS = (
					"DEBUG=1",
					"$(inherited)",
				);
				GCC_SYMBOLS_PRIVATE_EXTERN = NO;
				GCC_WARN_ABOUT_RETURN_TYPE = YES;
				GCC_WARN_UNINITIALIZED_AUTOS = YES;
				GCC_WARN_UNUSED_VARIABLE = YES;
				IPHONEOS_DEPLOYMENT_TARGET = 6.0;
				SDKROOT = iphoneos;
			};
			name = Debug;
		};
		5F96EE4B16C02E5D00EE0120 /* Release */ = {
			isa = XCBuildConfiguration;
			buildSettings = {
				ALWAYS_SEARCH_USER_PATHS = NO;
				CLANG_CXX_LANGUAGE_STANDARD = "gnu++0x";
				CLANG_ENABLE_OBJC_ARC = YES;
				CLANG_WARN__DUPLICATE_METHOD_MATCH = YES;
				"CODE_SIGN_IDENTITY[sdk=iphoneos*]" = "iPhone Developer";
				COPY_PHASE_STRIP = YES;
				GCC_C_LANGUAGE_STANDARD = gnu99;
				GCC_WARN_ABOUT_RETURN_TYPE = YES;
				GCC_WARN_UNINITIALIZED_AUTOS = YES;
				GCC_WARN_UNUSED_VARIABLE = YES;
				IPHONEOS_DEPLOYMENT_TARGET = 6.0;
				OTHER_CFLAGS = "-DNS_BLOCK_ASSERTIONS=1";
				SDKROOT = iphoneos;
				VALIDATE_PRODUCT = YES;
			};
			name = Release;
		};
		5F96EE4D16C02E5D00EE0120 /* Debug */ = {
			isa = XCBuildConfiguration;
			buildSettings = {
				GCC_PRECOMPILE_PREFIX_HEADER = YES;
				GCC_PREFIX_HEADER = "lecture3/lecture3-Prefix.pch";
				INFOPLIST_FILE = "lecture3/lecture3-Info.plist";
				PRODUCT_NAME = "$(TARGET_NAME)";
				WRAPPER_EXTENSION = app;
			};
			name = Debug;
		};
		5F96EE4E16C02E5D00EE0120 /* Release */ = {
			isa = XCBuildConfiguration;
			buildSettings = {
				GCC_PRECOMPILE_PREFIX_HEADER = YES;
				GCC_PREFIX_HEADER = "lecture3/lecture3-Prefix.pch";
				INFOPLIST_FILE = "lecture3/lecture3-Info.plist";
				PRODUCT_NAME = "$(TARGET_NAME)";
				WRAPPER_EXTENSION = app;
			};
			name = Release;
		};
/* End XCBuildConfiguration section */

/* Begin XCConfigurationList section */
		5F96EE2816C02E5D00EE0120 /* Build configuration list for PBXProject "lecture3" */ = {
			isa = XCConfigurationList;
			buildConfigurations = (
				5F96EE4A16C02E5D00EE0120 /* Debug */,
				5F96EE4B16C02E5D00EE0120 /* Release */,
			);
			defaultConfigurationIsVisible = 0;
			defaultConfigurationName = Release;
		};
		5F96EE4C16C02E5D00EE0120 /* Build configuration list for PBXNativeTarget "lecture3" */ = {
			isa = XCConfigurationList;
			buildConfigurations = (
				5F96EE4D16C02E5D00EE0120 /* Debug */,
				5F96EE4E16C02E5D00EE0120 /* Release */,
			);
			defaultConfigurationIsVisible = 0;
		};
/* End XCConfigurationList section */
	};
	rootObject = 5F96EE2516C02E5D00EE0120 /* Project object */;
}
